
Microsoft Visual Studio Solution File, Format Version 12.00
# Visual Studio 15
VisualStudioVersion = 15.0.28307.168
MinimumVisualStudioVersion = 10.0.40219.1
Project("{FAE04EC0-301F-11D3-BF4B-00C04F79EFBC}") = "PrintLabel", "PrintLabel\PrintLabel.csproj", "{35DE4EF2-3F63-4EA3-8E32-7402E7E5F177}"
EndProject
Global
	GlobalSection(SolutionConfigurationPlatforms) = preSolution
		Debug|Any CPU = Debug|Any CPU
		Release|Any CPU = Release|Any CPU
	EndGlobalSection
	GlobalSection(ProjectConfigurationPlatforms) = postSolution
		{35DE4EF2-3F63-4EA3-8E32-7402E7E5F177}.Debug|Any CPU.ActiveCfg = Debug|Any CPU
		{35DE4EF2-3F63-4EA3-8E32-7402E7E5F177}.Debug|Any CPU.Build.0 = Debug|Any CPU
		{35DE4EF2-3F63-4EA3-8E32-7402E7E5F177}.Release|Any CPU.ActiveCfg = Release|Any CPU
		{35DE4EF2-3F63-4EA3-8E32-7402E7E5F177}.Release|Any CPU.Build.0 = Release|Any CPU
	EndGlobalSection
	GlobalSection(SolutionProperties) = preSolution
		HideSolutionNode = FALSE
	EndGlobalSection
	GlobalSection(ExtensibilityGlobals) = postSolution
		SolutionGuid = {759DE3BF-8463-4AF2-A594-2DEF4DA24943}
	EndGlobalSection
EndGlobal
